
Microsoft Visual Studio Solution File, Format Version 12.00
# Visual Studio Version 17
VisualStudioVersion = 17.10.34916.146
MinimumVisualStudioVersion = 10.0.40219.1
Project("{2150E333-8FDC-42A3-9474-1A3956D46DE8}") = "Src", "Src", "{37415EBD-F867-44A8-B716-10331A968B77}"
EndProject
Project("{2150E333-8FDC-42A3-9474-1A3956D46DE8}") = "Services", "Services", "{EC14CC43-B9C6-4FD9-B6CC-C3C6C51F73B5}"
EndProject
Project("{2150E333-8FDC-42A3-9474-1A3956D46DE8}") = "IDPService", "IDPService", "{1514ED80-2610-4B84-9B49-B9836F500AD0}"
EndProject
Project("{9A19103F-16F7-4668-BE54-9A1E7A4F7556}") = "IDP.Api", "Src\Services\IDPService\IDP.Api\IDP.Api.csproj", "{4AB3E6E8-4BE2-41DD-900F-B5C89BB91928}"
EndProject
Project("{9A19103F-16F7-4668-BE54-9A1E7A4F7556}") = "IDP.Domain", "Src\Services\IDPService\IDP.Domain\IDP.Domain.csproj", "{B6BFC482-E8C4-4FE5-B3A7-0225EDB0A88E}"
EndProject
Project("{9A19103F-16F7-4668-BE54-9A1E7A4F7556}") = "IDP.Application", "Src\Services\IDPService\IDP.Application\IDP.Application.csproj", "{BBFD40E2-0985-4F0B-81A7-B113C79FB71C}"
EndProject
Project("{9A19103F-16F7-4668-BE54-9A1E7A4F7556}") = "IDP.Infra", "Src\Services\IDPService\IDP.Infra\IDP.Infra.csproj", "{B435A252-4F03-48C8-8DB2-D9A3EA1BDA4F}"
EndProject
Project("{9A19103F-16F7-4668-BE54-9A1E7A4F7556}") = "IDP.Ioc", "Src\Services\IDPService\IDP.Ioc\IDP.Ioc.csproj", "{1AEEFBBF-C13B-47D5-89C2-01001AD8F3F0}"
EndProject
Project("{9A19103F-16F7-4668-BE54-9A1E7A4F7556}") = "IDP.UnitTest", "Src\Services\IDPService\IDP.UnitTest\IDP.UnitTest.csproj", "{52B3D136-8471-4733-ADD8-37B4571CE8F8}"
EndProject
Project("{2150E333-8FDC-42A3-9474-1A3956D46DE8}") = "Common", "Common", "{88136101-3129-4055-B4B1-4195520941E0}"
EndProject
Project("{2150E333-8FDC-42A3-9474-1A3956D46DE8}") = "CatalogService", "CatalogService", "{8CF6E43E-643B-45FB-AC1E-AE43900CFED4}"
EndProject
Project("{2150E333-8FDC-42A3-9474-1A3956D46DE8}") = "SerchService", "SerchService", "{2F757763-1993-429E-A5C7-38ED615D17E8}"
EndProject
Project("{2150E333-8FDC-42A3-9474-1A3956D46DE8}") = "BascketService", "BascketService", "{F1D719C7-3327-4950-86EC-618D02803CF1}"
EndProject
Project("{2150E333-8FDC-42A3-9474-1A3956D46DE8}") = "OrderService", "OrderService", "{2C3783F7-20D8-46FD-BE40-686E989AAB38}"
EndProject
Project("{2150E333-8FDC-42A3-9474-1A3956D46DE8}") = "ReportService", "ReportService", "{F9357512-9B8C-46F3-A092-9EB56618DD64}"
EndProject
Project("{2150E333-8FDC-42A3-9474-1A3956D46DE8}") = "ApiGetway", "ApiGetway", "{3F229C61-3171-4F8E-852E-577C0A71BE71}"
EndProject
Project("{9A19103F-16F7-4668-BE54-9A1E7A4F7556}") = "Auth", "Src\Common\Auth\Auth.csproj", "{70E23C90-2BCD-4B49-BADF-412CFE3154C1}"
EndProject
Project("{2150E333-8FDC-42A3-9474-1A3956D46DE8}") = "NotficationService", "NotficationService", "{74F13BE5-C67B-4BE0-A1CB-7DE11B51E2CA}"
EndProject
Project("{2150E333-8FDC-42A3-9474-1A3956D46DE8}") = "IBus", "IBus", "{3B2B7C4A-B671-4306-93B6-292C2371E37A}"
EndProject
Project("{FAE04EC0-301F-11D3-BF4B-00C04F79EFBC}") = "VerticalNotfication", "Src\Services\notficationservice\VerticalNotfication.csproj", "{8246F71A-DA61-48FA-93E3-F22723A5968E}"
EndProject
Project("{FAE04EC0-301F-11D3-BF4B-00C04F79EFBC}") = "EventBus", "EventBus\EventBus.csproj", "{BA88C915-5C3C-449D-85E0-078144881FD1}"
EndProject
Global
	GlobalSection(SolutionConfigurationPlatforms) = preSolution
		Debug|Any CPU = Debug|Any CPU
		Release|Any CPU = Release|Any CPU
	EndGlobalSection
	GlobalSection(ProjectConfigurationPlatforms) = postSolution
		{4AB3E6E8-4BE2-41DD-900F-B5C89BB91928}.Debug|Any CPU.ActiveCfg = Debug|Any CPU
		{4AB3E6E8-4BE2-41DD-900F-B5C89BB91928}.Debug|Any CPU.Build.0 = Debug|Any CPU
		{4AB3E6E8-4BE2-41DD-900F-B5C89BB91928}.Release|Any CPU.ActiveCfg = Release|Any CPU
		{4AB3E6E8-4BE2-41DD-900F-B5C89BB91928}.Release|Any CPU.Build.0 = Release|Any CPU
		{B6BFC482-E8C4-4FE5-B3A7-0225EDB0A88E}.Debug|Any CPU.ActiveCfg = Debug|Any CPU
		{B6BFC482-E8C4-4FE5-B3A7-0225EDB0A88E}.Debug|Any CPU.Build.0 = Debug|Any CPU
		{B6BFC482-E8C4-4FE5-B3A7-0225EDB0A88E}.Release|Any CPU.ActiveCfg = Release|Any CPU
		{B6BFC482-E8C4-4FE5-B3A7-0225EDB0A88E}.Release|Any CPU.Build.0 = Release|Any CPU
		{BBFD40E2-0985-4F0B-81A7-B113C79FB71C}.Debug|Any CPU.ActiveCfg = Debug|Any CPU
		{BBFD40E2-0985-4F0B-81A7-B113C79FB71C}.Debug|Any CPU.Build.0 = Debug|Any CPU
		{BBFD40E2-0985-4F0B-81A7-B113C79FB71C}.Release|Any CPU.ActiveCfg = Release|Any CPU
		{BBFD40E2-0985-4F0B-81A7-B113C79FB71C}.Release|Any CPU.Build.0 = Release|Any CPU
		{B435A252-4F03-48C8-8DB2-D9A3EA1BDA4F}.Debug|Any CPU.ActiveCfg = Debug|Any CPU
		{B435A252-4F03-48C8-8DB2-D9A3EA1BDA4F}.Debug|Any CPU.Build.0 = Debug|Any CPU
		{B435A252-4F03-48C8-8DB2-D9A3EA1BDA4F}.Release|Any CPU.ActiveCfg = Release|Any CPU
		{B435A252-4F03-48C8-8DB2-D9A3EA1BDA4F}.Release|Any CPU.Build.0 = Release|Any CPU
		{1AEEFBBF-C13B-47D5-89C2-01001AD8F3F0}.Debug|Any CPU.ActiveCfg = Debug|Any CPU
		{1AEEFBBF-C13B-47D5-89C2-01001AD8F3F0}.Debug|Any CPU.Build.0 = Debug|Any CPU
		{1AEEFBBF-C13B-47D5-89C2-01001AD8F3F0}.Release|Any CPU.ActiveCfg = Release|Any CPU
		{1AEEFBBF-C13B-47D5-89C2-01001AD8F3F0}.Release|Any CPU.Build.0 = Release|Any CPU
		{52B3D136-8471-4733-ADD8-37B4571CE8F8}.Debug|Any CPU.ActiveCfg = Debug|Any CPU
		{52B3D136-8471-4733-ADD8-37B4571CE8F8}.Debug|Any CPU.Build.0 = Debug|Any CPU
		{52B3D136-8471-4733-ADD8-37B4571CE8F8}.Release|Any CPU.ActiveCfg = Release|Any CPU
		{52B3D136-8471-4733-ADD8-37B4571CE8F8}.Release|Any CPU.Build.0 = Release|Any CPU
		{70E23C90-2BCD-4B49-BADF-412CFE3154C1}.Debug|Any CPU.ActiveCfg = Debug|Any CPU
		{70E23C90-2BCD-4B49-BADF-412CFE3154C1}.Debug|Any CPU.Build.0 = Debug|Any CPU
		{70E23C90-2BCD-4B49-BADF-412CFE3154C1}.Release|Any CPU.ActiveCfg = Release|Any CPU
		{70E23C90-2BCD-4B49-BADF-412CFE3154C1}.Release|Any CPU.Build.0 = Release|Any CPU
		{8246F71A-DA61-48FA-93E3-F22723A5968E}.Debug|Any CPU.ActiveCfg = Debug|Any CPU
		{8246F71A-DA61-48FA-93E3-F22723A5968E}.Debug|Any CPU.Build.0 = Debug|Any CPU
		{8246F71A-DA61-48FA-93E3-F22723A5968E}.Release|Any CPU.ActiveCfg = Release|Any CPU
		{8246F71A-DA61-48FA-93E3-F22723A5968E}.Release|Any CPU.Build.0 = Release|Any CPU
		{BA88C915-5C3C-449D-85E0-078144881FD1}.Debug|Any CPU.ActiveCfg = Debug|Any CPU
		{BA88C915-5C3C-449D-85E0-078144881FD1}.Debug|Any CPU.Build.0 = Debug|Any CPU
		{BA88C915-5C3C-449D-85E0-078144881FD1}.Release|Any CPU.ActiveCfg = Release|Any CPU
		{BA88C915-5C3C-449D-85E0-078144881FD1}.Release|Any CPU.Build.0 = Release|Any CPU
	EndGlobalSection
	GlobalSection(SolutionProperties) = preSolution
		HideSolutionNode = FALSE
	EndGlobalSection
	GlobalSection(NestedProjects) = preSolution
		{EC14CC43-B9C6-4FD9-B6CC-C3C6C51F73B5} = {37415EBD-F867-44A8-B716-10331A968B77}
		{1514ED80-2610-4B84-9B49-B9836F500AD0} = {EC14CC43-B9C6-4FD9-B6CC-C3C6C51F73B5}
		{4AB3E6E8-4BE2-41DD-900F-B5C89BB91928} = {1514ED80-2610-4B84-9B49-B9836F500AD0}
		{B6BFC482-E8C4-4FE5-B3A7-0225EDB0A88E} = {1514ED80-2610-4B84-9B49-B9836F500AD0}
		{BBFD40E2-0985-4F0B-81A7-B113C79FB71C} = {1514ED80-2610-4B84-9B49-B9836F500AD0}
		{B435A252-4F03-48C8-8DB2-D9A3EA1BDA4F} = {1514ED80-2610-4B84-9B49-B9836F500AD0}
		{1AEEFBBF-C13B-47D5-89C2-01001AD8F3F0} = {1514ED80-2610-4B84-9B49-B9836F500AD0}
		{52B3D136-8471-4733-ADD8-37B4571CE8F8} = {1514ED80-2610-4B84-9B49-B9836F500AD0}
		{88136101-3129-4055-B4B1-4195520941E0} = {37415EBD-F867-44A8-B716-10331A968B77}
		{8CF6E43E-643B-45FB-AC1E-AE43900CFED4} = {EC14CC43-B9C6-4FD9-B6CC-C3C6C51F73B5}
		{2F757763-1993-429E-A5C7-38ED615D17E8} = {EC14CC43-B9C6-4FD9-B6CC-C3C6C51F73B5}
		{F1D719C7-3327-4950-86EC-618D02803CF1} = {EC14CC43-B9C6-4FD9-B6CC-C3C6C51F73B5}
		{2C3783F7-20D8-46FD-BE40-686E989AAB38} = {EC14CC43-B9C6-4FD9-B6CC-C3C6C51F73B5}
		{F9357512-9B8C-46F3-A092-9EB56618DD64} = {EC14CC43-B9C6-4FD9-B6CC-C3C6C51F73B5}
		{3F229C61-3171-4F8E-852E-577C0A71BE71} = {EC14CC43-B9C6-4FD9-B6CC-C3C6C51F73B5}
		{70E23C90-2BCD-4B49-BADF-412CFE3154C1} = {88136101-3129-4055-B4B1-4195520941E0}
		{74F13BE5-C67B-4BE0-A1CB-7DE11B51E2CA} = {EC14CC43-B9C6-4FD9-B6CC-C3C6C51F73B5}
		{3B2B7C4A-B671-4306-93B6-292C2371E37A} = {EC14CC43-B9C6-4FD9-B6CC-C3C6C51F73B5}
		{8246F71A-DA61-48FA-93E3-F22723A5968E} = {74F13BE5-C67B-4BE0-A1CB-7DE11B51E2CA}
		{BA88C915-5C3C-449D-85E0-078144881FD1} = {3B2B7C4A-B671-4306-93B6-292C2371E37A}
	EndGlobalSection
	GlobalSection(ExtensibilityGlobals) = postSolution
		SolutionGuid = {D6581C5A-D423-470F-9DEE-157A1F9EB575}
	EndGlobalSection
EndGlobal
