
Microsoft Visual Studio Solution File, Format Version 12.00
# Visual Studio Version 17
VisualStudioVersion = 17.13.35825.156
MinimumVisualStudioVersion = 10.0.40219.1
Project("{2150E333-8FDC-42A3-9474-1A3956D46DE8}") = "Src", "Src", "{02EA681E-C7D8-13C7-8484-4AC65E1B71E8}"
EndProject
Project("{2150E333-8FDC-42A3-9474-1A3956D46DE8}") = "Services", "Services", "{649F19F4-DAB9-4791-A6A2-549EFB5D9ACE}"
EndProject
Project("{2150E333-8FDC-42A3-9474-1A3956D46DE8}") = "IDPService", "IDPService", "{B08C8330-34DB-4B0F-B3C7-772DDB952739}"
EndProject
Project("{FAE04EC0-301F-11D3-BF4B-00C04F79EFBC}") = "IDP.Api", "Src\Services\IDPService\IDP.Api\IDP.Api.csproj", "{7EFAA95B-7BC1-422C-9AFA-D6E30F64253D}"
EndProject
Project("{FAE04EC0-301F-11D3-BF4B-00C04F79EFBC}") = "IDP.Domain", "Src\Services\IDPService\IDP.Domain\IDP.Domain.csproj", "{39A3D061-A4D7-49B5-A481-0F9BCC07AD2E}"
EndProject
Project("{FAE04EC0-301F-11D3-BF4B-00C04F79EFBC}") = "IDP.Application", "Src\Services\IDPService\IDP.Application\IDP.Application.csproj", "{A1C38D3B-2D84-4512-B2B8-BE29A75CCEEB}"
EndProject
Project("{FAE04EC0-301F-11D3-BF4B-00C04F79EFBC}") = "IDP.DataLayer", "Src\Services\IDPService\IDP.DataLayer\IDP.DataLayer.csproj", "{8C5307A4-E58B-4B33-A1C7-109A873F99C7}"
EndProject
Project("{FAE04EC0-301F-11D3-BF4B-00C04F79EFBC}") = "IDP.UnitTest", "Src\Services\IDPService\IDP.UnitTest\IDP.UnitTest.csproj", "{E84F00CB-0AC9-41C2-B00F-D8803F79DEAE}"
EndProject
Project("{2150E333-8FDC-42A3-9474-1A3956D46DE8}") = "Common", "Common", "{782B7AEC-8DD2-4074-B0A1-E2FC4A68C857}"
EndProject
Project("{FAE04EC0-301F-11D3-BF4B-00C04F79EFBC}") = "IDP.IoC", "IDP.IoC\IDP.IoC.csproj", "{4097D4C8-651A-4CF6-85E6-F7B805341CE9}"
EndProject
Project("{FAE04EC0-301F-11D3-BF4B-00C04F79EFBC}") = "Auth", "Src\Common\Auth\Auth.csproj", "{D0A574B6-3B52-4F48-AD60-E3AAB2B18E0A}"
EndProject
Global
	GlobalSection(SolutionConfigurationPlatforms) = preSolution
		Debug|Any CPU = Debug|Any CPU
		Release|Any CPU = Release|Any CPU
	EndGlobalSection
	GlobalSection(ProjectConfigurationPlatforms) = postSolution
		{7EFAA95B-7BC1-422C-9AFA-D6E30F64253D}.Debug|Any CPU.ActiveCfg = Debug|Any CPU
		{7EFAA95B-7BC1-422C-9AFA-D6E30F64253D}.Debug|Any CPU.Build.0 = Debug|Any CPU
		{7EFAA95B-7BC1-422C-9AFA-D6E30F64253D}.Release|Any CPU.ActiveCfg = Release|Any CPU
		{7EFAA95B-7BC1-422C-9AFA-D6E30F64253D}.Release|Any CPU.Build.0 = Release|Any CPU
		{39A3D061-A4D7-49B5-A481-0F9BCC07AD2E}.Debug|Any CPU.ActiveCfg = Debug|Any CPU
		{39A3D061-A4D7-49B5-A481-0F9BCC07AD2E}.Debug|Any CPU.Build.0 = Debug|Any CPU
		{39A3D061-A4D7-49B5-A481-0F9BCC07AD2E}.Release|Any CPU.ActiveCfg = Release|Any CPU
		{39A3D061-A4D7-49B5-A481-0F9BCC07AD2E}.Release|Any CPU.Build.0 = Release|Any CPU
		{A1C38D3B-2D84-4512-B2B8-BE29A75CCEEB}.Debug|Any CPU.ActiveCfg = Debug|Any CPU
		{A1C38D3B-2D84-4512-B2B8-BE29A75CCEEB}.Debug|Any CPU.Build.0 = Debug|Any CPU
		{A1C38D3B-2D84-4512-B2B8-BE29A75CCEEB}.Release|Any CPU.ActiveCfg = Release|Any CPU
		{A1C38D3B-2D84-4512-B2B8-BE29A75CCEEB}.Release|Any CPU.Build.0 = Release|Any CPU
		{8C5307A4-E58B-4B33-A1C7-109A873F99C7}.Debug|Any CPU.ActiveCfg = Debug|Any CPU
		{8C5307A4-E58B-4B33-A1C7-109A873F99C7}.Debug|Any CPU.Build.0 = Debug|Any CPU
		{8C5307A4-E58B-4B33-A1C7-109A873F99C7}.Release|Any CPU.ActiveCfg = Release|Any CPU
		{8C5307A4-E58B-4B33-A1C7-109A873F99C7}.Release|Any CPU.Build.0 = Release|Any CPU
		{E84F00CB-0AC9-41C2-B00F-D8803F79DEAE}.Debug|Any CPU.ActiveCfg = Debug|Any CPU
		{E84F00CB-0AC9-41C2-B00F-D8803F79DEAE}.Debug|Any CPU.Build.0 = Debug|Any CPU
		{E84F00CB-0AC9-41C2-B00F-D8803F79DEAE}.Release|Any CPU.ActiveCfg = Release|Any CPU
		{E84F00CB-0AC9-41C2-B00F-D8803F79DEAE}.Release|Any CPU.Build.0 = Release|Any CPU
		{4097D4C8-651A-4CF6-85E6-F7B805341CE9}.Debug|Any CPU.ActiveCfg = Debug|Any CPU
		{4097D4C8-651A-4CF6-85E6-F7B805341CE9}.Debug|Any CPU.Build.0 = Debug|Any CPU
		{4097D4C8-651A-4CF6-85E6-F7B805341CE9}.Release|Any CPU.ActiveCfg = Release|Any CPU
		{4097D4C8-651A-4CF6-85E6-F7B805341CE9}.Release|Any CPU.Build.0 = Release|Any CPU
		{D0A574B6-3B52-4F48-AD60-E3AAB2B18E0A}.Debug|Any CPU.ActiveCfg = Debug|Any CPU
		{D0A574B6-3B52-4F48-AD60-E3AAB2B18E0A}.Debug|Any CPU.Build.0 = Debug|Any CPU
		{D0A574B6-3B52-4F48-AD60-E3AAB2B18E0A}.Release|Any CPU.ActiveCfg = Release|Any CPU
		{D0A574B6-3B52-4F48-AD60-E3AAB2B18E0A}.Release|Any CPU.Build.0 = Release|Any CPU
	EndGlobalSection
	GlobalSection(SolutionProperties) = preSolution
		HideSolutionNode = FALSE
	EndGlobalSection
	GlobalSection(NestedProjects) = preSolution
		{649F19F4-DAB9-4791-A6A2-549EFB5D9ACE} = {02EA681E-C7D8-13C7-8484-4AC65E1B71E8}
		{B08C8330-34DB-4B0F-B3C7-772DDB952739} = {649F19F4-DAB9-4791-A6A2-549EFB5D9ACE}
		{7EFAA95B-7BC1-422C-9AFA-D6E30F64253D} = {B08C8330-34DB-4B0F-B3C7-772DDB952739}
		{39A3D061-A4D7-49B5-A481-0F9BCC07AD2E} = {B08C8330-34DB-4B0F-B3C7-772DDB952739}
		{A1C38D3B-2D84-4512-B2B8-BE29A75CCEEB} = {B08C8330-34DB-4B0F-B3C7-772DDB952739}
		{8C5307A4-E58B-4B33-A1C7-109A873F99C7} = {B08C8330-34DB-4B0F-B3C7-772DDB952739}
		{E84F00CB-0AC9-41C2-B00F-D8803F79DEAE} = {B08C8330-34DB-4B0F-B3C7-772DDB952739}
		{782B7AEC-8DD2-4074-B0A1-E2FC4A68C857} = {02EA681E-C7D8-13C7-8484-4AC65E1B71E8}
		{4097D4C8-651A-4CF6-85E6-F7B805341CE9} = {B08C8330-34DB-4B0F-B3C7-772DDB952739}
		{D0A574B6-3B52-4F48-AD60-E3AAB2B18E0A} = {782B7AEC-8DD2-4074-B0A1-E2FC4A68C857}
	EndGlobalSection
	GlobalSection(ExtensibilityGlobals) = postSolution
		SolutionGuid = {13014195-7058-42B7-AA19-051CCE3AF31A}
	EndGlobalSection
EndGlobal
